
Microsoft Visual Studio Solution File, Format Version 12.00
# Visual Studio 14
VisualStudioVersion = 14.0.25420.1
MinimumVisualStudioVersion = 10.0.40219.1
Project("{8BB2217D-0F2D-49D1-97BC-3654ED321F3B}") = "ITI.MANA.DAL", "ITI.MANA.DAL\ITI.MANA.DAL.xproj", "{E7E6597E-16FF-4827-9488-B0E325BE1066}"
EndProject
Project("{00D1A9C2-B5F0-4AF3-8072-F6C62B433612}") = "ITI.MANA.DB", "ITI.MANA.DB\ITI.MANA.DB.sqlproj", "{F9367F9F-FC8A-4F04-9E0A-DED3E795E680}"
EndProject
Project("{8BB2217D-0F2D-49D1-97BC-3654ED321F3B}") = "ITI.MANA.DAL.Tests", "ITI.MANA.DAL.Tests\ITI.MANA.DAL.Tests.xproj", "{8591F453-4D76-4EBA-851C-F3ABA93D4544}"
EndProject
Project("{8BB2217D-0F2D-49D1-97BC-3654ED321F3B}") = "ITI.MANA.WebApp2", "ITI.MANA.WebApp2\ITI.MANA.WebApp2.xproj", "{652B7DA3-B455-41CA-96ED-87928D92B77E}"
EndProject
Global
	GlobalSection(SolutionConfigurationPlatforms) = preSolution
		Debug|Any CPU = Debug|Any CPU
		Release|Any CPU = Release|Any CPU
	EndGlobalSection
	GlobalSection(ProjectConfigurationPlatforms) = postSolution
		{E7E6597E-16FF-4827-9488-B0E325BE1066}.Debug|Any CPU.ActiveCfg = Debug|Any CPU
		{E7E6597E-16FF-4827-9488-B0E325BE1066}.Debug|Any CPU.Build.0 = Debug|Any CPU
		{E7E6597E-16FF-4827-9488-B0E325BE1066}.Release|Any CPU.ActiveCfg = Release|Any CPU
		{E7E6597E-16FF-4827-9488-B0E325BE1066}.Release|Any CPU.Build.0 = Release|Any CPU
		{F9367F9F-FC8A-4F04-9E0A-DED3E795E680}.Debug|Any CPU.ActiveCfg = Debug|Any CPU
		{F9367F9F-FC8A-4F04-9E0A-DED3E795E680}.Debug|Any CPU.Build.0 = Debug|Any CPU
		{F9367F9F-FC8A-4F04-9E0A-DED3E795E680}.Debug|Any CPU.Deploy.0 = Debug|Any CPU
		{F9367F9F-FC8A-4F04-9E0A-DED3E795E680}.Release|Any CPU.ActiveCfg = Release|Any CPU
		{F9367F9F-FC8A-4F04-9E0A-DED3E795E680}.Release|Any CPU.Build.0 = Release|Any CPU
		{F9367F9F-FC8A-4F04-9E0A-DED3E795E680}.Release|Any CPU.Deploy.0 = Release|Any CPU
		{8591F453-4D76-4EBA-851C-F3ABA93D4544}.Debug|Any CPU.ActiveCfg = Debug|Any CPU
		{8591F453-4D76-4EBA-851C-F3ABA93D4544}.Debug|Any CPU.Build.0 = Debug|Any CPU
		{8591F453-4D76-4EBA-851C-F3ABA93D4544}.Release|Any CPU.ActiveCfg = Release|Any CPU
		{8591F453-4D76-4EBA-851C-F3ABA93D4544}.Release|Any CPU.Build.0 = Release|Any CPU
		{652B7DA3-B455-41CA-96ED-87928D92B77E}.Debug|Any CPU.ActiveCfg = Debug|Any CPU
		{652B7DA3-B455-41CA-96ED-87928D92B77E}.Debug|Any CPU.Build.0 = Debug|Any CPU
		{652B7DA3-B455-41CA-96ED-87928D92B77E}.Release|Any CPU.ActiveCfg = Release|Any CPU
		{652B7DA3-B455-41CA-96ED-87928D92B77E}.Release|Any CPU.Build.0 = Release|Any CPU
	EndGlobalSection
	GlobalSection(SolutionProperties) = preSolution
		HideSolutionNode = FALSE
	EndGlobalSection
EndGlobal
